
Microsoft Visual Studio Solution File, Format Version 12.00
# Visual Studio Version 16
VisualStudioVersion = 16.0.31410.357
MinimumVisualStudioVersion = 10.0.40219.1
Project("{FAE04EC0-301F-11D3-BF4B-00C04F79EFBC}") = "Shopping.Client", "Shopping.Client\Shopping.Client.csproj", "{D90AC1F9-E6B8-47E0-A625-E7B49312FFBD}"
EndProject
Global
	GlobalSection(SolutionConfigurationPlatforms) = preSolution
		Debug|Any CPU = Debug|Any CPU
		Release|Any CPU = Release|Any CPU
	EndGlobalSection
	GlobalSection(ProjectConfigurationPlatforms) = postSolution
		{D90AC1F9-E6B8-47E0-A625-E7B49312FFBD}.Debug|Any CPU.ActiveCfg = Debug|Any CPU
		{D90AC1F9-E6B8-47E0-A625-E7B49312FFBD}.Debug|Any CPU.Build.0 = Debug|Any CPU
		{D90AC1F9-E6B8-47E0-A625-E7B49312FFBD}.Release|Any CPU.ActiveCfg = Release|Any CPU
		{D90AC1F9-E6B8-47E0-A625-E7B49312FFBD}.Release|Any CPU.Build.0 = Release|Any CPU
	EndGlobalSection
	GlobalSection(SolutionProperties) = preSolution
		HideSolutionNode = FALSE
	EndGlobalSection
	GlobalSection(ExtensibilityGlobals) = postSolution
		SolutionGuid = {31C28E70-AF5B-4C3B-8A4C-83EDF5B86613}
	EndGlobalSection
EndGlobal
